
Microsoft Visual Studio Solution File, Format Version 12.00
# Visual Studio Version 17
VisualStudioVersion = 17.0.31903.59
MinimumVisualStudioVersion = 10.0.40219.1
Project("{FAE04EC0-301F-11D3-BF4B-00C04F79EFBC}") = "BrewHub.Controller", "Controller\BrewHub.Controller.csproj", "{340FA29B-E308-4F38-8353-93C183296A6E}"
EndProject
Project("{FAE04EC0-301F-11D3-BF4B-00C04F79EFBC}") = "Models.Synthetic", "Models.Synthetic\Models.Synthetic.csproj", "{10AF41A7-8866-4D5F-ACD2-033B5B98A115}"
EndProject
Project("{FAE04EC0-301F-11D3-BF4B-00C04F79EFBC}") = "Platform.Common", "Platform.Common\Platform.Common.csproj", "{82DB7DBA-DF32-4FB2-9F26-EA42635DFC29}"
EndProject
Project("{FAE04EC0-301F-11D3-BF4B-00C04F79EFBC}") = "Models.Synthetic.Tests.Unit", "Models.Synthetic.Tests.Unit\Models.Synthetic.Tests.Unit.csproj", "{60E2172D-CF3A-4B52-A10F-E431376C1D66}"
EndProject
Project("{FAE04EC0-301F-11D3-BF4B-00C04F79EFBC}") = "Platform.Common.Tests.Unit", "Platform.Common.Tests.Unit\Platform.Common.Tests.Unit.csproj", "{D0BA05F4-C5AA-4CED-815C-E19D9E7B5C05}"
EndProject
Project("{FAE04EC0-301F-11D3-BF4B-00C04F79EFBC}") = "Models.Modbus", "Models.Modbus\Models.Modbus.csproj", "{398792FA-96AA-4648-8B95-895228A5EB83}"
EndProject
Project("{FAE04EC0-301F-11D3-BF4B-00C04F79EFBC}") = "Models.Gpio", "Models.Gpio\Models.Gpio.csproj", "{D4F5DC6F-F372-4C54-9B6E-4C9F30BD0EB8}"
EndProject
Project("{2150E333-8FDC-42A3-9474-1A3956D46DE8}") = "BrewHub.Protocol.Mqtt", "BrewHub.Protocol.Mqtt", "{D7A8C285-CB60-4064-8DD5-CAE9500759FD}"
EndProject
Project("{FAE04EC0-301F-11D3-BF4B-00C04F79EFBC}") = "Protocol.Mqtt", "BrewHub.Protocol.Mqtt\Protocol.Mqtt\Protocol.Mqtt.csproj", "{90C46862-55FD-47CC-AD02-ABB1DDA270EE}"
EndProject
Global
	GlobalSection(SolutionConfigurationPlatforms) = preSolution
		Debug|Any CPU = Debug|Any CPU
		Release|Any CPU = Release|Any CPU
	EndGlobalSection
	GlobalSection(SolutionProperties) = preSolution
		HideSolutionNode = FALSE
	EndGlobalSection
	GlobalSection(ProjectConfigurationPlatforms) = postSolution
		{340FA29B-E308-4F38-8353-93C183296A6E}.Debug|Any CPU.ActiveCfg = Debug|Any CPU
		{340FA29B-E308-4F38-8353-93C183296A6E}.Debug|Any CPU.Build.0 = Debug|Any CPU
		{340FA29B-E308-4F38-8353-93C183296A6E}.Release|Any CPU.ActiveCfg = Release|Any CPU
		{340FA29B-E308-4F38-8353-93C183296A6E}.Release|Any CPU.Build.0 = Release|Any CPU
		{10AF41A7-8866-4D5F-ACD2-033B5B98A115}.Debug|Any CPU.ActiveCfg = Debug|Any CPU
		{10AF41A7-8866-4D5F-ACD2-033B5B98A115}.Debug|Any CPU.Build.0 = Debug|Any CPU
		{10AF41A7-8866-4D5F-ACD2-033B5B98A115}.Release|Any CPU.ActiveCfg = Release|Any CPU
		{10AF41A7-8866-4D5F-ACD2-033B5B98A115}.Release|Any CPU.Build.0 = Release|Any CPU
		{82DB7DBA-DF32-4FB2-9F26-EA42635DFC29}.Debug|Any CPU.ActiveCfg = Debug|Any CPU
		{82DB7DBA-DF32-4FB2-9F26-EA42635DFC29}.Debug|Any CPU.Build.0 = Debug|Any CPU
		{82DB7DBA-DF32-4FB2-9F26-EA42635DFC29}.Release|Any CPU.ActiveCfg = Release|Any CPU
		{82DB7DBA-DF32-4FB2-9F26-EA42635DFC29}.Release|Any CPU.Build.0 = Release|Any CPU
		{60E2172D-CF3A-4B52-A10F-E431376C1D66}.Debug|Any CPU.ActiveCfg = Debug|Any CPU
		{60E2172D-CF3A-4B52-A10F-E431376C1D66}.Debug|Any CPU.Build.0 = Debug|Any CPU
		{60E2172D-CF3A-4B52-A10F-E431376C1D66}.Release|Any CPU.ActiveCfg = Release|Any CPU
		{60E2172D-CF3A-4B52-A10F-E431376C1D66}.Release|Any CPU.Build.0 = Release|Any CPU
		{D0BA05F4-C5AA-4CED-815C-E19D9E7B5C05}.Debug|Any CPU.ActiveCfg = Debug|Any CPU
		{D0BA05F4-C5AA-4CED-815C-E19D9E7B5C05}.Debug|Any CPU.Build.0 = Debug|Any CPU
		{D0BA05F4-C5AA-4CED-815C-E19D9E7B5C05}.Release|Any CPU.ActiveCfg = Release|Any CPU
		{D0BA05F4-C5AA-4CED-815C-E19D9E7B5C05}.Release|Any CPU.Build.0 = Release|Any CPU
		{398792FA-96AA-4648-8B95-895228A5EB83}.Debug|Any CPU.ActiveCfg = Debug|Any CPU
		{398792FA-96AA-4648-8B95-895228A5EB83}.Debug|Any CPU.Build.0 = Debug|Any CPU
		{398792FA-96AA-4648-8B95-895228A5EB83}.Release|Any CPU.ActiveCfg = Release|Any CPU
		{398792FA-96AA-4648-8B95-895228A5EB83}.Release|Any CPU.Build.0 = Release|Any CPU
		{D4F5DC6F-F372-4C54-9B6E-4C9F30BD0EB8}.Debug|Any CPU.ActiveCfg = Debug|Any CPU
		{D4F5DC6F-F372-4C54-9B6E-4C9F30BD0EB8}.Debug|Any CPU.Build.0 = Debug|Any CPU
		{D4F5DC6F-F372-4C54-9B6E-4C9F30BD0EB8}.Release|Any CPU.ActiveCfg = Release|Any CPU
		{D4F5DC6F-F372-4C54-9B6E-4C9F30BD0EB8}.Release|Any CPU.Build.0 = Release|Any CPU
		{90C46862-55FD-47CC-AD02-ABB1DDA270EE}.Debug|Any CPU.ActiveCfg = Debug|Any CPU
		{90C46862-55FD-47CC-AD02-ABB1DDA270EE}.Debug|Any CPU.Build.0 = Debug|Any CPU
		{90C46862-55FD-47CC-AD02-ABB1DDA270EE}.Release|Any CPU.ActiveCfg = Release|Any CPU
		{90C46862-55FD-47CC-AD02-ABB1DDA270EE}.Release|Any CPU.Build.0 = Release|Any CPU
	EndGlobalSection
	GlobalSection(NestedProjects) = preSolution
		{90C46862-55FD-47CC-AD02-ABB1DDA270EE} = {D7A8C285-CB60-4064-8DD5-CAE9500759FD}
	EndGlobalSection
EndGlobal
