
Microsoft Visual Studio Solution File, Format Version 12.00
# Visual Studio Version 17
VisualStudioVersion = 17.0.31903.59
MinimumVisualStudioVersion = 10.0.40219.1
Project("{FAE04EC0-301F-11D3-BF4B-00C04F79EFBC}") = "BrewHub.Controller", "Controller\BrewHub.Controller.csproj", "{340FA29B-E308-4F38-8353-93C183296A6E}"
EndProject
Project("{FAE04EC0-301F-11D3-BF4B-00C04F79EFBC}") = "Models.Synthetic", "Models.Synthetic\Models.Synthetic.csproj", "{10AF41A7-8866-4D5F-ACD2-033B5B98A115}"
EndProject
Project("{FAE04EC0-301F-11D3-BF4B-00C04F79EFBC}") = "Platform.Common", "Platform.Common\Platform.Common.csproj", "{82DB7DBA-DF32-4FB2-9F26-EA42635DFC29}"
EndProject
Project("{FAE04EC0-301F-11D3-BF4B-00C04F79EFBC}") = "Models.Synthetic.Tests.Unit", "Models.Synthetic.Tests.Unit\Models.Synthetic.Tests.Unit.csproj", "{60E2172D-CF3A-4B52-A10F-E431376C1D66}"
EndProject
Project("{FAE04EC0-301F-11D3-BF4B-00C04F79EFBC}") = "Protocol.Mqtt", "Protocol.Mqtt\Protocol.Mqtt.csproj", "{10CAB7D1-24BE-4A79-B997-428B5B0D05DB}"
EndProject
Project("{FAE04EC0-301F-11D3-BF4B-00C04F79EFBC}") = "Platform.Common.Tests.Unit", "Platform.Common.Tests.Unit\Platform.Common.Tests.Unit.csproj", "{D0BA05F4-C5AA-4CED-815C-E19D9E7B5C05}"
EndProject
Project("{FAE04EC0-301F-11D3-BF4B-00C04F79EFBC}") = "Models.Modbus", "Models.Modbus\Models.Modbus.csproj", "{398792FA-96AA-4648-8B95-895228A5EB83}"
EndProject
Global
	GlobalSection(SolutionConfigurationPlatforms) = preSolution
		Debug|Any CPU = Debug|Any CPU
		Release|Any CPU = Release|Any CPU
	EndGlobalSection
	GlobalSection(SolutionProperties) = preSolution
		HideSolutionNode = FALSE
	EndGlobalSection
	GlobalSection(ProjectConfigurationPlatforms) = postSolution
		{340FA29B-E308-4F38-8353-93C183296A6E}.Debug|Any CPU.ActiveCfg = Debug|Any CPU
		{340FA29B-E308-4F38-8353-93C183296A6E}.Debug|Any CPU.Build.0 = Debug|Any CPU
		{340FA29B-E308-4F38-8353-93C183296A6E}.Release|Any CPU.ActiveCfg = Release|Any CPU
		{340FA29B-E308-4F38-8353-93C183296A6E}.Release|Any CPU.Build.0 = Release|Any CPU
		{10AF41A7-8866-4D5F-ACD2-033B5B98A115}.Debug|Any CPU.ActiveCfg = Debug|Any CPU
		{10AF41A7-8866-4D5F-ACD2-033B5B98A115}.Debug|Any CPU.Build.0 = Debug|Any CPU
		{10AF41A7-8866-4D5F-ACD2-033B5B98A115}.Release|Any CPU.ActiveCfg = Release|Any CPU
		{10AF41A7-8866-4D5F-ACD2-033B5B98A115}.Release|Any CPU.Build.0 = Release|Any CPU
		{82DB7DBA-DF32-4FB2-9F26-EA42635DFC29}.Debug|Any CPU.ActiveCfg = Debug|Any CPU
		{82DB7DBA-DF32-4FB2-9F26-EA42635DFC29}.Debug|Any CPU.Build.0 = Debug|Any CPU
		{82DB7DBA-DF32-4FB2-9F26-EA42635DFC29}.Release|Any CPU.ActiveCfg = Release|Any CPU
		{82DB7DBA-DF32-4FB2-9F26-EA42635DFC29}.Release|Any CPU.Build.0 = Release|Any CPU
		{60E2172D-CF3A-4B52-A10F-E431376C1D66}.Debug|Any CPU.ActiveCfg = Debug|Any CPU
		{60E2172D-CF3A-4B52-A10F-E431376C1D66}.Debug|Any CPU.Build.0 = Debug|Any CPU
		{60E2172D-CF3A-4B52-A10F-E431376C1D66}.Release|Any CPU.ActiveCfg = Release|Any CPU
		{60E2172D-CF3A-4B52-A10F-E431376C1D66}.Release|Any CPU.Build.0 = Release|Any CPU
		{10CAB7D1-24BE-4A79-B997-428B5B0D05DB}.Debug|Any CPU.ActiveCfg = Debug|Any CPU
		{10CAB7D1-24BE-4A79-B997-428B5B0D05DB}.Debug|Any CPU.Build.0 = Debug|Any CPU
		{10CAB7D1-24BE-4A79-B997-428B5B0D05DB}.Release|Any CPU.ActiveCfg = Release|Any CPU
		{10CAB7D1-24BE-4A79-B997-428B5B0D05DB}.Release|Any CPU.Build.0 = Release|Any CPU
		{D0BA05F4-C5AA-4CED-815C-E19D9E7B5C05}.Debug|Any CPU.ActiveCfg = Debug|Any CPU
		{D0BA05F4-C5AA-4CED-815C-E19D9E7B5C05}.Debug|Any CPU.Build.0 = Debug|Any CPU
		{D0BA05F4-C5AA-4CED-815C-E19D9E7B5C05}.Release|Any CPU.ActiveCfg = Release|Any CPU
		{D0BA05F4-C5AA-4CED-815C-E19D9E7B5C05}.Release|Any CPU.Build.0 = Release|Any CPU
		{398792FA-96AA-4648-8B95-895228A5EB83}.Debug|Any CPU.ActiveCfg = Debug|Any CPU
		{398792FA-96AA-4648-8B95-895228A5EB83}.Debug|Any CPU.Build.0 = Debug|Any CPU
		{398792FA-96AA-4648-8B95-895228A5EB83}.Release|Any CPU.ActiveCfg = Release|Any CPU
		{398792FA-96AA-4648-8B95-895228A5EB83}.Release|Any CPU.Build.0 = Release|Any CPU
	EndGlobalSection
EndGlobal
